
Microsoft Visual Studio Solution File, Format Version 12.00
# Visual Studio Version 17
VisualStudioVersion = 17.0.32112.339
MinimumVisualStudioVersion = 10.0.40219.1
Project("{8BC9CEB8-8B4A-11D0-8D11-00A0C91BC942}") = "Leetcode-Problem-12-Integer-to-Roman", "Leetcode-Problem-12-Integer-to-Roman\Leetcode-Problem-12-Integer-to-Roman.vcxproj", "{8A6DE35A-B22A-4C12-BCA4-DC86E959D787}"
EndProject
Global
	GlobalSection(SolutionConfigurationPlatforms) = preSolution
		Debug|x64 = Debug|x64
		Debug|x86 = Debug|x86
		Release|x64 = Release|x64
		Release|x86 = Release|x86
	EndGlobalSection
	GlobalSection(ProjectConfigurationPlatforms) = postSolution
		{8A6DE35A-B22A-4C12-BCA4-DC86E959D787}.Debug|x64.ActiveCfg = Debug|x64
		{8A6DE35A-B22A-4C12-BCA4-DC86E959D787}.Debug|x64.Build.0 = Debug|x64
		{8A6DE35A-B22A-4C12-BCA4-DC86E959D787}.Debug|x86.ActiveCfg = Debug|Win32
		{8A6DE35A-B22A-4C12-BCA4-DC86E959D787}.Debug|x86.Build.0 = Debug|Win32
		{8A6DE35A-B22A-4C12-BCA4-DC86E959D787}.Release|x64.ActiveCfg = Release|x64
		{8A6DE35A-B22A-4C12-BCA4-DC86E959D787}.Release|x64.Build.0 = Release|x64
		{8A6DE35A-B22A-4C12-BCA4-DC86E959D787}.Release|x86.ActiveCfg = Release|Win32
		{8A6DE35A-B22A-4C12-BCA4-DC86E959D787}.Release|x86.Build.0 = Release|Win32
	EndGlobalSection
	GlobalSection(SolutionProperties) = preSolution
		HideSolutionNode = FALSE
	EndGlobalSection
	GlobalSection(ExtensibilityGlobals) = postSolution
		SolutionGuid = {5591AB87-B3A2-4EE0-81A7-7332415B7422}
	EndGlobalSection
EndGlobal
